// !$*UTF8*$!
{
	archiveVersion = 1;
	classes = {
	};
	objectVersion = 46;
	objects = {

/* Begin PBXBuildFile section */
		512769431CD1C77B00FC7D5E /* main.m in Sources */ = {isa = PBXBuildFile; fileRef = 512769421CD1C77B00FC7D5E /* main.m */; };
		512769461CD1C77B00FC7D5E /* AppDelegate.m in Sources */ = {isa = PBXBuildFile; fileRef = 512769451CD1C77B00FC7D5E /* AppDelegate.m */; };
		512769491CD1C77B00FC7D5E /* ViewController.m in Sources */ = {isa = PBXBuildFile; fileRef = 512769481CD1C77B00FC7D5E /* ViewController.m */; };
		5127694C1CD1C77B00FC7D5E /* Main.storyboard in Resources */ = {isa = PBXBuildFile; fileRef = 5127694A1CD1C77B00FC7D5E /* Main.storyboard */; };
		5127694E1CD1C77B00FC7D5E /* Assets.xcassets in Resources */ = {isa = PBXBuildFile; fileRef = 5127694D1CD1C77B00FC7D5E /* Assets.xcassets */; };
		512769511CD1C77B00FC7D5E /* LaunchScreen.storyboard in Resources */ = {isa = PBXBuildFile; fileRef = 5127694F1CD1C77B00FC7D5E /* LaunchScreen.storyboard */; };
/* End PBXBuildFile section */

/* Begin PBXFileReference section */
		5127693E1CD1C77B00FC7D5E /* CCNMoviePlayerViewController.app */ = {isa = PBXFileReference; explicitFileType = wrapper.application; includeInIndex = 0; path = CCNMoviePlayerViewController.app; sourceTree = BUILT_PRODUCTS_DIR; };
		512769421CD1C77B00FC7D5E /* main.m */ = {isa = PBXFileReference; lastKnownFileType = sourcecode.c.objc; path = main.m; sourceTree = "<group>"; };
		512769441CD1C77B00FC7D5E /* AppDelegate.h */ = {isa = PBXFileReference; lastKnownFileType = sourcecode.c.h; path = AppDelegate.h; sourceTree = "<group>"; };
		512769451CD1C77B00FC7D5E /* AppDelegate.m */ = {isa = PBXFileReference; lastKnownFileType = sourcecode.c.objc; path = AppDelegate.m; sourceTree = "<group>"; };
		512769471CD1C77B00FC7D5E /* ViewController.h */ = {isa = PBXFileReference; lastKnownFileType = sourcecode.c.h; path = ViewController.h; sourceTree = "<group>"; };
		512769481CD1C77B00FC7D5E /* ViewController.m */ = {isa = PBXFileReference; lastKnownFileType = sourcecode.c.objc; path = ViewController.m; sourceTree = "<group>"; };
		5127694B1CD1C77B00FC7D5E /* Base */ = {isa = PBXFileReference; lastKnownFileType = file.storyboard; name = Base; path = Base.lproj/Main.storyboard; sourceTree = "<group>"; };
		5127694D1CD1C77B00FC7D5E /* Assets.xcassets */ = {isa = PBXFileReference; lastKnownFileType = folder.assetcatalog; path = Assets.xcassets; sourceTree = "<group>"; };
		512769501CD1C77B00FC7D5E /* Base */ = {isa = PBXFileReference; lastKnownFileType = file.storyboard; name = Base; path = Base.lproj/LaunchScreen.storyboard; sourceTree = "<group>"; };
		512769521CD1C77B00FC7D5E /* Info.plist */ = {isa = PBXFileReference; lastKnownFileType = text.plist.xml; path = Info.plist; sourceTree = "<group>"; };
/* End PBXFileReference section */

/* Begin PBXFrameworksBuildPhase section */
		5127693B1CD1C77B00FC7D5E /* Frameworks */ = {
			isa = PBXFrameworksBuildPhase;
			buildActionMask = 2147483647;
			files = (
			);
			runOnlyForDeploymentPostprocessing = 0;
		};
/* End PBXFrameworksBuildPhase section */

/* Begin PBXGroup section */
		512769351CD1C77B00FC7D5E = {
			isa = PBXGroup;
			children = (
				512769401CD1C77B00FC7D5E /* CCNMoviePlayerViewController */,
				5127693F1CD1C77B00FC7D5E /* Products */,
			);
			sourceTree = "<group>";
		};
		5127693F1CD1C77B00FC7D5E /* Products */ = {
			isa = PBXGroup;
			children = (
				5127693E1CD1C77B00FC7D5E /* CCNMoviePlayerViewController.app */,
			);
			name = Products;
			sourceTree = "<group>";
		};
		512769401CD1C77B00FC7D5E /* CCNMoviePlayerViewController */ = {
			isa = PBXGroup;
			children = (
				512769441CD1C77B00FC7D5E /* AppDelegate.h */,
				512769451CD1C77B00FC7D5E /* AppDelegate.m */,
				512769471CD1C77B00FC7D5E /* ViewController.h */,
				512769481CD1C77B00FC7D5E /* ViewController.m */,
				5127694A1CD1C77B00FC7D5E /* Main.storyboard */,
				5127694D1CD1C77B00FC7D5E /* Assets.xcassets */,
				5127694F1CD1C77B00FC7D5E /* LaunchScreen.storyboard */,
				512769521CD1C77B00FC7D5E /* Info.plist */,
				512769411CD1C77B00FC7D5E /* Supporting Files */,
			);
			path = CCNMoviePlayerViewController;
			sourceTree = "<group>";
		};
		512769411CD1C77B00FC7D5E /* Supporting Files */ = {
			isa = PBXGroup;
			children = (
				512769421CD1C77B00FC7D5E /* main.m */,
			);
			name = "Supporting Files";
			sourceTree = "<group>";
		};
/* End PBXGroup section */

/* Begin PBXNativeTarget section */
		5127693D1CD1C77B00FC7D5E /* CCNMoviePlayerViewController */ = {
			isa = PBXNativeTarget;
			buildConfigurationList = 512769551CD1C77B00FC7D5E /* Build configuration list for PBXNativeTarget "CCNMoviePlayerViewController" */;
			buildPhases = (
				5127693A1CD1C77B00FC7D5E /* Sources */,
				5127693B1CD1C77B00FC7D5E /* Frameworks */,
				5127693C1CD1C77B00FC7D5E /* Resources */,
			);
			buildRules = (
			);
			dependencies = (
			);
			name = CCNMoviePlayerViewController;
			productName = CCNMoviePlayerViewController;
			productReference = 5127693E1CD1C77B00FC7D5E /* CCNMoviePlayerViewController.app */;
			productType = "com.apple.product-type.application";
		};
/* End PBXNativeTarget section */

/* Begin PBXProject section */
		512769361CD1C77B00FC7D5E /* Project object */ = {
			isa = PBXProject;
			attributes = {
				LastUpgradeCheck = 0730;
				ORGANIZATIONNAME = CCN;
				TargetAttributes = {
					5127693D1CD1C77B00FC7D5E = {
						CreatedOnToolsVersion = 7.3;
						DevelopmentTeam = 6MB3CE5725;
					};
				};
			};
			buildConfigurationList = 512769391CD1C77B00FC7D5E /* Build configuration list for PBXProject "CCNMoviePlayerViewController" */;
			compatibilityVersion = "Xcode 3.2";
			developmentRegion = English;
			hasScannedForEncodings = 0;
			knownRegions = (
				en,
				Base,
			);
			mainGroup = 512769351CD1C77B00FC7D5E;
			productRefGroup = 5127693F1CD1C77B00FC7D5E /* Products */;
			projectDirPath = "";
			projectRoot = "";
			targets = (
				5127693D1CD1C77B00FC7D5E /* CCNMoviePlayerViewController */,
			);
		};
/* End PBXProject section */

/* Begin PBXResourcesBuildPhase section */
		5127693C1CD1C77B00FC7D5E /* Resources */ = {
			isa = PBXResourcesBuildPhase;
			buildActionMask = 2147483647;
			files = (
				512769511CD1C77B00FC7D5E /* LaunchScreen.storyboard in Resources */,
				5127694E1CD1C77B00FC7D5E /* Assets.xcassets in Resources */,
				5127694C1CD1C77B00FC7D5E /* Main.storyboard in Resources */,
			);
			runOnlyForDeploymentPostprocessing = 0;
		};
/* End PBXResourcesBuildPhase section */

/* Begin PBXSourcesBuildPhase section */
		5127693A1CD1C77B00FC7D5E /* Sources */ = {
			isa = PBXSourcesBuildPhase;
			buildActionMask = 2147483647;
			files = (
				512769491CD1C77B00FC7D5E /* ViewController.m in Sources */,
				512769461CD1C77B00FC7D5E /* AppDelegate.m in Sources */,
				512769431CD1C77B00FC7D5E /* main.m in Sources */,
			);
			runOnlyForDeploymentPostprocessing = 0;
		};
/* End PBXSourcesBuildPhase section */

/* Begin PBXVariantGroup section */
		5127694A1CD1C77B00FC7D5E /* Main.storyboard */ = {
			isa = PBXVariantGroup;
			children = (
				5127694B1CD1C77B00FC7D5E /* Base */,
			);
			name = Main.storyboard;
			sourceTree = "<group>";
		};
		5127694F1CD1C77B00FC7D5E /* LaunchScreen.storyboard */ = {
			isa = PBXVariantGroup;
			children = (
				512769501CD1C77B00FC7D5E /* Base */,
			);
			name = LaunchScreen.storyboard;
			sourceTree = "<group>";
		};
/* End PBXVariantGroup section */

/* Begin XCBuildConfiguration section */
		512769531CD1C77B00FC7D5E /* Debug */ = {
			isa = XCBuildConfiguration;
			buildSettings = {
				ALWAYS_SEARCH_USER_PATHS = NO;
				CLANG_ANALYZER_NONNULL = YES;
				CLANG_CXX_LANGUAGE_STANDARD = "gnu++0x";
				CLANG_CXX_LIBRARY = "libc++";
				CLANG_ENABLE_MODULES = YES;
				CLANG_ENABLE_OBJC_ARC = YES;
				CLANG_WARN_BOOL_CONVERSION = YES;
				CLANG_WARN_CONSTANT_CONVERSION = YES;
				CLANG_WARN_DIRECT_OBJC_ISA_USAGE = YES_ERROR;
				CLANG_WARN_EMPTY_BODY = YES;
				CLANG_WARN_ENUM_CONVERSION = YES;
				CLANG_WARN_INT_CONVERSION = YES;
				CLANG_WARN_OBJC_ROOT_CLASS = YES_ERROR;
				CLANG_WARN_UNREACHABLE_CODE = YES;
				CLANG_WARN__DUPLICATE_METHOD_MATCH = YES;
				"CODE_SIGN_IDENTITY[sdk=iphoneos*]" = "iPhone Developer";
				COPY_PHASE_STRIP = NO;
				DEBUG_INFORMATION_FORMAT = dwarf;
				ENABLE_STRICT_OBJC_MSGSEND = YES;
				ENABLE_TESTABILITY = YES;
				GCC_C_LANGUAGE_STANDARD = gnu99;
				GCC_DYNAMIC_NO_PIC = NO;
				GCC_NO_COMMON_BLOCKS = YES;
				GCC_OPTIMIZATION_LEVEL = 0;
				GCC_PREPROCESSOR_DEFINITIONS = (
					"DEBUG=1",
					"$(inherited)",
				);
				GCC_WARN_64_TO_32_BIT_CONVERSION = YES;
				GCC_WARN_ABOUT_RETURN_TYPE = YES_ERROR;
				GCC_WARN_UNDECLARED_SELECTOR = YES;
				GCC_WARN_UNINITIALIZED_AUTOS = YES_AGGRESSIVE;
				GCC_WARN_UNUSED_FUNCTION = YES;
				GCC_WARN_UNUSED_VARIABLE = YES;
				IPHONEOS_DEPLOYMENT_TARGET = 9.3;
				MTL_ENABLE_DEBUG_INFO = YES;
				ONLY_ACTIVE_ARCH = YES;
				SDKROOT = iphoneos;
				TARGETED_DEVICE_FAMILY = "1,2";
			};
			name = Debug;
		};
		512769541CD1C77B00FC7D5E /* Release */ = {
			isa = XCBuildConfiguration;
			buildSettings = {
				ALWAYS_SEARCH_USER_PATHS = NO;
				CLANG_ANALYZER_NONNULL = YES;
				CLANG_CXX_LANGUAGE_STANDARD = "gnu++0x";
				CLANG_CXX_LIBRARY = "libc++";
				CLANG_ENABLE_MODULES = YES;
				CLANG_ENABLE_OBJC_ARC = YES;
				CLANG_WARN_BOOL_CONVERSION = YES;
				CLANG_WARN_CONSTANT_CONVERSION = YES;
				CLANG_WARN_DIRECT_OBJC_ISA_USAGE = YES_ERROR;
				CLANG_WARN_EMPTY_BODY = YES;
				CLANG_WARN_ENUM_CONVERSION = YES;
				CLANG_WARN_INT_CONVERSION = YES;
				CLANG_WARN_OBJC_ROOT_CLASS = YES_ERROR;
				CLANG_WARN_UNREACHABLE_CODE = YES;
				CLANG_WARN__DUPLICATE_METHOD_MATCH = YES;
				"CODE_SIGN_IDENTITY[sdk=iphoneos*]" = "iPhone Developer";
				COPY_PHASE_STRIP = NO;
				DEBUG_INFORMATION_FORMAT = "dwarf-with-dsym";
				ENABLE_NS_ASSERTIONS = NO;
				ENABLE_STRICT_OBJC_MSGSEND = YES;
				GCC_C_LANGUAGE_STANDARD = gnu99;
				GCC_NO_COMMON_BLOCKS = YES;
				GCC_WARN_64_TO_32_BIT_CONVERSION = YES;
				GCC_WARN_ABOUT_RETURN_TYPE = YES_ERROR;
				GCC_WARN_UNDECLARED_SELECTOR = YES;
				GCC_WARN_UNINITIALIZED_AUTOS = YES_AGGRESSIVE;
				GCC_WARN_UNUSED_FUNCTION = YES;
				GCC_WARN_UNUSED_VARIABLE = YES;
				IPHONEOS_DEPLOYMENT_TARGET = 9.3;
				MTL_ENABLE_DEBUG_INFO = NO;
				SDKROOT = iphoneos;
				TARGETED_DEVICE_FAMILY = "1,2";
				VALIDATE_PRODUCT = YES;
			};
			name = Release;
		};
		512769561CD1C77B00FC7D5E /* Debug */ = {
			isa = XCBuildConfiguration;
			buildSettings = {
				ASSETCATALOG_COMPILER_APPICON_NAME = AppIcon;
				INFOPLIST_FILE = CCNMoviePlayerViewController/Info.plist;
				LD_RUNPATH_SEARCH_PATHS = "$(inherited) @executable_path/Frameworks";
				PRODUCT_BUNDLE_IDENTIFIER = CCN.CCNMoviePlayerViewController;
				PRODUCT_NAME = "$(TARGET_NAME)";
			};
			name = Debug;
		};
		512769571CD1C77B00FC7D5E /* Release */ = {
			isa = XCBuildConfiguration;
			buildSettings = {
				ASSETCATALOG_COMPILER_APPICON_NAME = AppIcon;
				INFOPLIST_FILE = CCNMoviePlayerViewController/Info.plist;
				LD_RUNPATH_SEARCH_PATHS = "$(inherited) @executable_path/Frameworks";
				PRODUCT_BUNDLE_IDENTIFIER = CCN.CCNMoviePlayerViewController;
				PRODUCT_NAME = "$(TARGET_NAME)";
			};
			name = Release;
		};
/* End XCBuildConfiguration section */

/* Begin XCConfigurationList section */
		512769391CD1C77B00FC7D5E /* Build configuration list for PBXProject "CCNMoviePlayerViewController" */ = {
			isa = XCConfigurationList;
			buildConfigurations = (
				512769531CD1C77B00FC7D5E /* Debug */,
				512769541CD1C77B00FC7D5E /* Release */,
			);
			defaultConfigurationIsVisible = 0;
			defaultConfigurationName = Release;
		};
		512769551CD1C77B00FC7D5E /* Build configuration list for PBXNativeTarget "CCNMoviePlayerViewController" */ = {
			isa = XCConfigurationList;
			buildConfigurations = (
				512769561CD1C77B00FC7D5E /* Debug */,
				512769571CD1C77B00FC7D5E /* Release */,
			);
			defaultConfigurationIsVisible = 0;
		};
/* End XCConfigurationList section */
	};
	rootObject = 512769361CD1C77B00FC7D5E /* Project object */;
}
